// !$*UTF8*$!
{
	archiveVersion = 1;
	classes = {
	};
	objectVersion = 50;
	objects = {

/* Begin PBXBuildFile section */
		B1427D2F26B27CFE00DBB519 /* NetworkManager.swift in Sources */ = {isa = PBXBuildFile; fileRef = B1427D2E26B27CFE00DBB519 /* NetworkManager.swift */; };
		B170B51026B2920600BA46E9 /* Weather.swift in Sources */ = {isa = PBXBuildFile; fileRef = B170B50F26B2920600BA46E9 /* Weather.swift */; };
		DC12B06926B1CA0600F96F04 /* AppDelegate.swift in Sources */ = {isa = PBXBuildFile; fileRef = DC12B06826B1CA0600F96F04 /* AppDelegate.swift */; };
		DC12B06B26B1CA0600F96F04 /* SceneDelegate.swift in Sources */ = {isa = PBXBuildFile; fileRef = DC12B06A26B1CA0600F96F04 /* SceneDelegate.swift */; };
		DC12B06D26B1CA0600F96F04 /* HomeViewController.swift in Sources */ = {isa = PBXBuildFile; fileRef = DC12B06C26B1CA0600F96F04 /* HomeViewController.swift */; };
		DC12B07026B1CA0600F96F04 /* Main.storyboard in Resources */ = {isa = PBXBuildFile; fileRef = DC12B06E26B1CA0600F96F04 /* Main.storyboard */; };
		DC12B07226B1CA0800F96F04 /* Assets.xcassets in Resources */ = {isa = PBXBuildFile; fileRef = DC12B07126B1CA0800F96F04 /* Assets.xcassets */; };
		DC12B07526B1CA0800F96F04 /* LaunchScreen.storyboard in Resources */ = {isa = PBXBuildFile; fileRef = DC12B07326B1CA0800F96F04 /* LaunchScreen.storyboard */; };
		DC12B08026B1CA0800F96F04 /* WeatherTests.swift in Sources */ = {isa = PBXBuildFile; fileRef = DC12B07F26B1CA0800F96F04 /* WeatherTests.swift */; };
		DC12B08B26B1CA0800F96F04 /* WeatherUITests.swift in Sources */ = {isa = PBXBuildFile; fileRef = DC12B08A26B1CA0800F96F04 /* WeatherUITests.swift */; };
		DC12B09A26B1D14A00F96F04 /* Constants.swift in Sources */ = {isa = PBXBuildFile; fileRef = DC12B09926B1D14A00F96F04 /* Constants.swift */; };
		DC58B27126B8402C004D043B /* WeatherViewModel.swift in Sources */ = {isa = PBXBuildFile; fileRef = DC58B27026B8402C004D043B /* WeatherViewModel.swift */; };
		DC58B27326B86A8D004D043B /* SettingsViewController.swift in Sources */ = {isa = PBXBuildFile; fileRef = DC58B27226B86A8D004D043B /* SettingsViewController.swift */; };
		DC62CDC326B481C700F7E124 /* Weather.xcdatamodeld in Sources */ = {isa = PBXBuildFile; fileRef = DC62CDC126B481C700F7E124 /* Weather.xcdatamodeld */; };
		DC62CDCD26B721DC00F7E124 /* Temperature+CoreDataClass.swift in Sources */ = {isa = PBXBuildFile; fileRef = DC62CDCB26B721DC00F7E124 /* Temperature+CoreDataClass.swift */; };
		DC62CDCE26B721DC00F7E124 /* Temperature+CoreDataProperties.swift in Sources */ = {isa = PBXBuildFile; fileRef = DC62CDCC26B721DC00F7E124 /* Temperature+CoreDataProperties.swift */; };
		DCAA1A0D26B2FB72009ADCBB /* Extensions.swift in Sources */ = {isa = PBXBuildFile; fileRef = DCAA1A0C26B2FB72009ADCBB /* Extensions.swift */; };
/* End PBXBuildFile section */

/* Begin PBXContainerItemProxy section */
		DC12B07C26B1CA0800F96F04 /* PBXContainerItemProxy */ = {
			isa = PBXContainerItemProxy;
			containerPortal = DC12B05D26B1CA0600F96F04 /* Project object */;
			proxyType = 1;
			remoteGlobalIDString = DC12B06426B1CA0600F96F04;
			remoteInfo = Weather;
		};
		DC12B08726B1CA0800F96F04 /* PBXContainerItemProxy */ = {
			isa = PBXContainerItemProxy;
			containerPortal = DC12B05D26B1CA0600F96F04 /* Project object */;
			proxyType = 1;
			remoteGlobalIDString = DC12B06426B1CA0600F96F04;
			remoteInfo = Weather;
		};
/* End PBXContainerItemProxy section */

/* Begin PBXFileReference section */
		B1427D2E26B27CFE00DBB519 /* NetworkManager.swift */ = {isa = PBXFileReference; lastKnownFileType = sourcecode.swift; path = NetworkManager.swift; sourceTree = "<group>"; };
		B170B50F26B2920600BA46E9 /* Weather.swift */ = {isa = PBXFileReference; lastKnownFileType = sourcecode.swift; path = Weather.swift; sourceTree = "<group>"; };
		DC12B06526B1CA0600F96F04 /* Weather.app */ = {isa = PBXFileReference; explicitFileType = wrapper.application; includeInIndex = 0; path = Weather.app; sourceTree = BUILT_PRODUCTS_DIR; };
		DC12B06826B1CA0600F96F04 /* AppDelegate.swift */ = {isa = PBXFileReference; lastKnownFileType = sourcecode.swift; path = AppDelegate.swift; sourceTree = "<group>"; };
		DC12B06A26B1CA0600F96F04 /* SceneDelegate.swift */ = {isa = PBXFileReference; lastKnownFileType = sourcecode.swift; path = SceneDelegate.swift; sourceTree = "<group>"; };
		DC12B06C26B1CA0600F96F04 /* HomeViewController.swift */ = {isa = PBXFileReference; lastKnownFileType = sourcecode.swift; path = HomeViewController.swift; sourceTree = "<group>"; };
		DC12B06F26B1CA0600F96F04 /* Base */ = {isa = PBXFileReference; lastKnownFileType = file.storyboard; name = Base; path = Base.lproj/Main.storyboard; sourceTree = "<group>"; };
		DC12B07126B1CA0800F96F04 /* Assets.xcassets */ = {isa = PBXFileReference; lastKnownFileType = folder.assetcatalog; path = Assets.xcassets; sourceTree = "<group>"; };
		DC12B07426B1CA0800F96F04 /* Base */ = {isa = PBXFileReference; lastKnownFileType = file.storyboard; name = Base; path = Base.lproj/LaunchScreen.storyboard; sourceTree = "<group>"; };
		DC12B07626B1CA0800F96F04 /* Info.plist */ = {isa = PBXFileReference; lastKnownFileType = text.plist.xml; path = Info.plist; sourceTree = "<group>"; };
		DC12B07B26B1CA0800F96F04 /* WeatherTests.xctest */ = {isa = PBXFileReference; explicitFileType = wrapper.cfbundle; includeInIndex = 0; path = WeatherTests.xctest; sourceTree = BUILT_PRODUCTS_DIR; };
		DC12B07F26B1CA0800F96F04 /* WeatherTests.swift */ = {isa = PBXFileReference; lastKnownFileType = sourcecode.swift; path = WeatherTests.swift; sourceTree = "<group>"; };
		DC12B08126B1CA0800F96F04 /* Info.plist */ = {isa = PBXFileReference; lastKnownFileType = text.plist.xml; path = Info.plist; sourceTree = "<group>"; };
		DC12B08626B1CA0800F96F04 /* WeatherUITests.xctest */ = {isa = PBXFileReference; explicitFileType = wrapper.cfbundle; includeInIndex = 0; path = WeatherUITests.xctest; sourceTree = BUILT_PRODUCTS_DIR; };
		DC12B08A26B1CA0800F96F04 /* WeatherUITests.swift */ = {isa = PBXFileReference; lastKnownFileType = sourcecode.swift; path = WeatherUITests.swift; sourceTree = "<group>"; };
		DC12B08C26B1CA0800F96F04 /* Info.plist */ = {isa = PBXFileReference; lastKnownFileType = text.plist.xml; path = Info.plist; sourceTree = "<group>"; };
		DC12B09926B1D14A00F96F04 /* Constants.swift */ = {isa = PBXFileReference; lastKnownFileType = sourcecode.swift; path = Constants.swift; sourceTree = "<group>"; };
		DC58B27026B8402C004D043B /* WeatherViewModel.swift */ = {isa = PBXFileReference; lastKnownFileType = sourcecode.swift; path = WeatherViewModel.swift; sourceTree = "<group>"; };
		DC58B27226B86A8D004D043B /* SettingsViewController.swift */ = {isa = PBXFileReference; lastKnownFileType = sourcecode.swift; path = SettingsViewController.swift; sourceTree = "<group>"; };
		DC62CDC226B481C700F7E124 /* Weather.xcdatamodel */ = {isa = PBXFileReference; lastKnownFileType = wrapper.xcdatamodel; path = Weather.xcdatamodel; sourceTree = "<group>"; };
		DC62CDCB26B721DC00F7E124 /* Temperature+CoreDataClass.swift */ = {isa = PBXFileReference; lastKnownFileType = sourcecode.swift; path = "Temperature+CoreDataClass.swift"; sourceTree = "<group>"; };
		DC62CDCC26B721DC00F7E124 /* Temperature+CoreDataProperties.swift */ = {isa = PBXFileReference; lastKnownFileType = sourcecode.swift; path = "Temperature+CoreDataProperties.swift"; sourceTree = "<group>"; };
		DCAA1A0C26B2FB72009ADCBB /* Extensions.swift */ = {isa = PBXFileReference; lastKnownFileType = sourcecode.swift; path = Extensions.swift; sourceTree = "<group>"; };
/* End PBXFileReference section */

/* Begin PBXFrameworksBuildPhase section */
		DC12B06226B1CA0600F96F04 /* Frameworks */ = {
			isa = PBXFrameworksBuildPhase;
			buildActionMask = 2147483647;
			files = (
			);
			runOnlyForDeploymentPostprocessing = 0;
		};
		DC12B07826B1CA0800F96F04 /* Frameworks */ = {
			isa = PBXFrameworksBuildPhase;
			buildActionMask = 2147483647;
			files = (
			);
			runOnlyForDeploymentPostprocessing = 0;
		};
		DC12B08326B1CA0800F96F04 /* Frameworks */ = {
			isa = PBXFrameworksBuildPhase;
			buildActionMask = 2147483647;
			files = (
			);
			runOnlyForDeploymentPostprocessing = 0;
		};
/* End PBXFrameworksBuildPhase section */

/* Begin PBXGroup section */
		B1427D2D26B27CE800DBB519 /* Manager */ = {
			isa = PBXGroup;
			children = (
				DC62CDC626B719F100F7E124 /* DB */,
				B1427D2E26B27CFE00DBB519 /* NetworkManager.swift */,
			);
			path = Manager;
			sourceTree = "<group>";
		};
		B170B50E26B291F900BA46E9 /* Models */ = {
			isa = PBXGroup;
			children = (
				B170B50F26B2920600BA46E9 /* Weather.swift */,
			);
			path = Models;
			sourceTree = "<group>";
		};
		DC12B05C26B1CA0600F96F04 = {
			isa = PBXGroup;
			children = (
				DC12B06726B1CA0600F96F04 /* Weather */,
				DC12B07E26B1CA0800F96F04 /* WeatherTests */,
				DC12B08926B1CA0800F96F04 /* WeatherUITests */,
				DC12B06626B1CA0600F96F04 /* Products */,
			);
			sourceTree = "<group>";
		};
		DC12B06626B1CA0600F96F04 /* Products */ = {
			isa = PBXGroup;
			children = (
				DC12B06526B1CA0600F96F04 /* Weather.app */,
				DC12B07B26B1CA0800F96F04 /* WeatherTests.xctest */,
				DC12B08626B1CA0800F96F04 /* WeatherUITests.xctest */,
			);
			name = Products;
			sourceTree = "<group>";
		};
		DC12B06726B1CA0600F96F04 /* Weather */ = {
			isa = PBXGroup;
			children = (
				DC58B26F26B84012004D043B /* ViewModels */,
				B170B50E26B291F900BA46E9 /* Models */,
				B1427D2D26B27CE800DBB519 /* Manager */,
				DC12B09E26B1D30B00F96F04 /* Controllers */,
				DC12B09826B1D13400F96F04 /* Helpers */,
				DC12B06826B1CA0600F96F04 /* AppDelegate.swift */,
				DC12B06A26B1CA0600F96F04 /* SceneDelegate.swift */,
				DC12B06E26B1CA0600F96F04 /* Main.storyboard */,
				DC12B07126B1CA0800F96F04 /* Assets.xcassets */,
				DC12B07326B1CA0800F96F04 /* LaunchScreen.storyboard */,
				DC62CDC126B481C700F7E124 /* Weather.xcdatamodeld */,
				DC12B07626B1CA0800F96F04 /* Info.plist */,
			);
			path = Weather;
			sourceTree = "<group>";
		};
		DC12B07E26B1CA0800F96F04 /* WeatherTests */ = {
			isa = PBXGroup;
			children = (
				DC12B07F26B1CA0800F96F04 /* WeatherTests.swift */,
				DC12B08126B1CA0800F96F04 /* Info.plist */,
			);
			path = WeatherTests;
			sourceTree = "<group>";
		};
		DC12B08926B1CA0800F96F04 /* WeatherUITests */ = {
			isa = PBXGroup;
			children = (
				DC12B08A26B1CA0800F96F04 /* WeatherUITests.swift */,
				DC12B08C26B1CA0800F96F04 /* Info.plist */,
			);
			path = WeatherUITests;
			sourceTree = "<group>";
		};
		DC12B09826B1D13400F96F04 /* Helpers */ = {
			isa = PBXGroup;
			children = (
				DC12B09926B1D14A00F96F04 /* Constants.swift */,
				DCAA1A0C26B2FB72009ADCBB /* Extensions.swift */,
			);
			path = Helpers;
			sourceTree = "<group>";
		};
		DC12B09E26B1D30B00F96F04 /* Controllers */ = {
			isa = PBXGroup;
			children = (
				DC12B06C26B1CA0600F96F04 /* HomeViewController.swift */,
				DC58B27226B86A8D004D043B /* SettingsViewController.swift */,
			);
			path = Controllers;
			sourceTree = "<group>";
		};
		DC58B26F26B84012004D043B /* ViewModels */ = {
			isa = PBXGroup;
			children = (
				DC58B27026B8402C004D043B /* WeatherViewModel.swift */,
			);
			path = ViewModels;
			sourceTree = "<group>";
		};
		DC62CDC626B719F100F7E124 /* DB */ = {
			isa = PBXGroup;
			children = (
				DC62CDCB26B721DC00F7E124 /* Temperature+CoreDataClass.swift */,
				DC62CDCC26B721DC00F7E124 /* Temperature+CoreDataProperties.swift */,
			);
			path = DB;
			sourceTree = "<group>";
		};
/* End PBXGroup section */

/* Begin PBXNativeTarget section */
		DC12B06426B1CA0600F96F04 /* Weather */ = {
			isa = PBXNativeTarget;
			buildConfigurationList = DC12B08F26B1CA0800F96F04 /* Build configuration list for PBXNativeTarget "Weather" */;
			buildPhases = (
				DC12B06126B1CA0600F96F04 /* Sources */,
				DC12B06226B1CA0600F96F04 /* Frameworks */,
				DC12B06326B1CA0600F96F04 /* Resources */,
			);
			buildRules = (
			);
			dependencies = (
			);
			name = Weather;
			productName = Weather;
			productReference = DC12B06526B1CA0600F96F04 /* Weather.app */;
			productType = "com.apple.product-type.application";
		};
		DC12B07A26B1CA0800F96F04 /* WeatherTests */ = {
			isa = PBXNativeTarget;
			buildConfigurationList = DC12B09226B1CA0800F96F04 /* Build configuration list for PBXNativeTarget "WeatherTests" */;
			buildPhases = (
				DC12B07726B1CA0800F96F04 /* Sources */,
				DC12B07826B1CA0800F96F04 /* Frameworks */,
				DC12B07926B1CA0800F96F04 /* Resources */,
			);
			buildRules = (
			);
			dependencies = (
				DC12B07D26B1CA0800F96F04 /* PBXTargetDependency */,
			);
			name = WeatherTests;
			productName = WeatherTests;
			productReference = DC12B07B26B1CA0800F96F04 /* WeatherTests.xctest */;
			productType = "com.apple.product-type.bundle.unit-test";
		};
		DC12B08526B1CA0800F96F04 /* WeatherUITests */ = {
			isa = PBXNativeTarget;
			buildConfigurationList = DC12B09526B1CA0800F96F04 /* Build configuration list for PBXNativeTarget "WeatherUITests" */;
			buildPhases = (
				DC12B08226B1CA0800F96F04 /* Sources */,
				DC12B08326B1CA0800F96F04 /* Frameworks */,
				DC12B08426B1CA0800F96F04 /* Resources */,
			);
			buildRules = (
			);
			dependencies = (
				DC12B08826B1CA0800F96F04 /* PBXTargetDependency */,
			);
			name = WeatherUITests;
			productName = WeatherUITests;
			productReference = DC12B08626B1CA0800F96F04 /* WeatherUITests.xctest */;
			productType = "com.apple.product-type.bundle.ui-testing";
		};
/* End PBXNativeTarget section */

/* Begin PBXProject section */
		DC12B05D26B1CA0600F96F04 /* Project object */ = {
			isa = PBXProject;
			attributes = {
				LastSwiftUpdateCheck = 1250;
				LastUpgradeCheck = 1250;
				TargetAttributes = {
					DC12B06426B1CA0600F96F04 = {
						CreatedOnToolsVersion = 12.5.1;
					};
					DC12B07A26B1CA0800F96F04 = {
						CreatedOnToolsVersion = 12.5.1;
						TestTargetID = DC12B06426B1CA0600F96F04;
					};
					DC12B08526B1CA0800F96F04 = {
						CreatedOnToolsVersion = 12.5.1;
						TestTargetID = DC12B06426B1CA0600F96F04;
					};
				};
			};
			buildConfigurationList = DC12B06026B1CA0600F96F04 /* Build configuration list for PBXProject "Weather" */;
			compatibilityVersion = "Xcode 9.3";
			developmentRegion = en;
			hasScannedForEncodings = 0;
			knownRegions = (
				en,
				Base,
			);
			mainGroup = DC12B05C26B1CA0600F96F04;
			productRefGroup = DC12B06626B1CA0600F96F04 /* Products */;
			projectDirPath = "";
			projectRoot = "";
			targets = (
				DC12B06426B1CA0600F96F04 /* Weather */,
				DC12B07A26B1CA0800F96F04 /* WeatherTests */,
				DC12B08526B1CA0800F96F04 /* WeatherUITests */,
			);
		};
/* End PBXProject section */

/* Begin PBXResourcesBuildPhase section */
		DC12B06326B1CA0600F96F04 /* Resources */ = {
			isa = PBXResourcesBuildPhase;
			buildActionMask = 2147483647;
			files = (
				DC12B07526B1CA0800F96F04 /* LaunchScreen.storyboard in Resources */,
				DC12B07226B1CA0800F96F04 /* Assets.xcassets in Resources */,
				DC12B07026B1CA0600F96F04 /* Main.storyboard in Resources */,
			);
			runOnlyForDeploymentPostprocessing = 0;
		};
		DC12B07926B1CA0800F96F04 /* Resources */ = {
			isa = PBXResourcesBuildPhase;
			buildActionMask = 2147483647;
			files = (
			);
			runOnlyForDeploymentPostprocessing = 0;
		};
		DC12B08426B1CA0800F96F04 /* Resources */ = {
			isa = PBXResourcesBuildPhase;
			buildActionMask = 2147483647;
			files = (
			);
			runOnlyForDeploymentPostprocessing = 0;
		};
/* End PBXResourcesBuildPhase section */

/* Begin PBXSourcesBuildPhase section */
		DC12B06126B1CA0600F96F04 /* Sources */ = {
			isa = PBXSourcesBuildPhase;
			buildActionMask = 2147483647;
			files = (
				DC12B06D26B1CA0600F96F04 /* HomeViewController.swift in Sources */,
				DC62CDCD26B721DC00F7E124 /* Temperature+CoreDataClass.swift in Sources */,
				DC12B06926B1CA0600F96F04 /* AppDelegate.swift in Sources */,
				DC58B27126B8402C004D043B /* WeatherViewModel.swift in Sources */,
				B1427D2F26B27CFE00DBB519 /* NetworkManager.swift in Sources */,
				DC12B06B26B1CA0600F96F04 /* SceneDelegate.swift in Sources */,
				DC62CDC326B481C700F7E124 /* Weather.xcdatamodeld in Sources */,
				DC12B09A26B1D14A00F96F04 /* Constants.swift in Sources */,
				B170B51026B2920600BA46E9 /* Weather.swift in Sources */,
				DC62CDCE26B721DC00F7E124 /* Temperature+CoreDataProperties.swift in Sources */,
				DCAA1A0D26B2FB72009ADCBB /* Extensions.swift in Sources */,
				DC58B27326B86A8D004D043B /* SettingsViewController.swift in Sources */,
			);
			runOnlyForDeploymentPostprocessing = 0;
		};
		DC12B07726B1CA0800F96F04 /* Sources */ = {
			isa = PBXSourcesBuildPhase;
			buildActionMask = 2147483647;
			files = (
				DC12B08026B1CA0800F96F04 /* WeatherTests.swift in Sources */,
			);
			runOnlyForDeploymentPostprocessing = 0;
		};
		DC12B08226B1CA0800F96F04 /* Sources */ = {
			isa = PBXSourcesBuildPhase;
			buildActionMask = 2147483647;
			files = (
				DC12B08B26B1CA0800F96F04 /* WeatherUITests.swift in Sources */,
			);
			runOnlyForDeploymentPostprocessing = 0;
		};
/* End PBXSourcesBuildPhase section */

/* Begin PBXTargetDependency section */
		DC12B07D26B1CA0800F96F04 /* PBXTargetDependency */ = {
			isa = PBXTargetDependency;
			target = DC12B06426B1CA0600F96F04 /* Weather */;
			targetProxy = DC12B07C26B1CA0800F96F04 /* PBXContainerItemProxy */;
		};
		DC12B08826B1CA0800F96F04 /* PBXTargetDependency */ = {
			isa = PBXTargetDependency;
			target = DC12B06426B1CA0600F96F04 /* Weather */;
			targetProxy = DC12B08726B1CA0800F96F04 /* PBXContainerItemProxy */;
		};
/* End PBXTargetDependency section */

/* Begin PBXVariantGroup section */
		DC12B06E26B1CA0600F96F04 /* Main.storyboard */ = {
			isa = PBXVariantGroup;
			children = (
				DC12B06F26B1CA0600F96F04 /* Base */,
			);
			name = Main.storyboard;
			sourceTree = "<group>";
		};
		DC12B07326B1CA0800F96F04 /* LaunchScreen.storyboard */ = {
			isa = PBXVariantGroup;
			children = (
				DC12B07426B1CA0800F96F04 /* Base */,
			);
			name = LaunchScreen.storyboard;
			sourceTree = "<group>";
		};
/* End PBXVariantGroup section */

/* Begin XCBuildConfiguration section */
		DC12B08D26B1CA0800F96F04 /* Debug */ = {
			isa = XCBuildConfiguration;
			buildSettings = {
				ALWAYS_SEARCH_USER_PATHS = NO;
				CLANG_ANALYZER_NONNULL = YES;
				CLANG_ANALYZER_NUMBER_OBJECT_CONVERSION = YES_AGGRESSIVE;
				CLANG_CXX_LANGUAGE_STANDARD = "gnu++14";
				CLANG_CXX_LIBRARY = "libc++";
				CLANG_ENABLE_MODULES = YES;
				CLANG_ENABLE_OBJC_ARC = YES;
				CLANG_ENABLE_OBJC_WEAK = YES;
				CLANG_WARN_BLOCK_CAPTURE_AUTORELEASING = YES;
				CLANG_WARN_BOOL_CONVERSION = YES;
				CLANG_WARN_COMMA = YES;
				CLANG_WARN_CONSTANT_CONVERSION = YES;
				CLANG_WARN_DEPRECATED_OBJC_IMPLEMENTATIONS = YES;
				CLANG_WARN_DIRECT_OBJC_ISA_USAGE = YES_ERROR;
				CLANG_WARN_DOCUMENTATION_COMMENTS = YES;
				CLANG_WARN_EMPTY_BODY = YES;
				CLANG_WARN_ENUM_CONVERSION = YES;
				CLANG_WARN_INFINITE_RECURSION = YES;
				CLANG_WARN_INT_CONVERSION = YES;
				CLANG_WARN_NON_LITERAL_NULL_CONVERSION = YES;
				CLANG_WARN_OBJC_IMPLICIT_RETAIN_SELF = YES;
				CLANG_WARN_OBJC_LITERAL_CONVERSION = YES;
				CLANG_WARN_OBJC_ROOT_CLASS = YES_ERROR;
				CLANG_WARN_QUOTED_INCLUDE_IN_FRAMEWORK_HEADER = YES;
				CLANG_WARN_RANGE_LOOP_ANALYSIS = YES;
				CLANG_WARN_STRICT_PROTOTYPES = YES;
				CLANG_WARN_SUSPICIOUS_MOVE = YES;
				CLANG_WARN_UNGUARDED_AVAILABILITY = YES_AGGRESSIVE;
				CLANG_WARN_UNREACHABLE_CODE = YES;
				CLANG_WARN__DUPLICATE_METHOD_MATCH = YES;
				COPY_PHASE_STRIP = NO;
				DEBUG_INFORMATION_FORMAT = dwarf;
				ENABLE_STRICT_OBJC_MSGSEND = YES;
				ENABLE_TESTABILITY = YES;
				GCC_C_LANGUAGE_STANDARD = gnu11;
				GCC_DYNAMIC_NO_PIC = NO;
				GCC_NO_COMMON_BLOCKS = YES;
				GCC_OPTIMIZATION_LEVEL = 0;
				GCC_PREPROCESSOR_DEFINITIONS = (
					"DEBUG=1",
					"$(inherited)",
				);
				GCC_WARN_64_TO_32_BIT_CONVERSION = YES;
				GCC_WARN_ABOUT_RETURN_TYPE = YES_ERROR;
				GCC_WARN_UNDECLARED_SELECTOR = YES;
				GCC_WARN_UNINITIALIZED_AUTOS = YES_AGGRESSIVE;
				GCC_WARN_UNUSED_FUNCTION = YES;
				GCC_WARN_UNUSED_VARIABLE = YES;
				IPHONEOS_DEPLOYMENT_TARGET = 14.5;
				MTL_ENABLE_DEBUG_INFO = INCLUDE_SOURCE;
				MTL_FAST_MATH = YES;
				ONLY_ACTIVE_ARCH = YES;
				SDKROOT = iphoneos;
				SWIFT_ACTIVE_COMPILATION_CONDITIONS = DEBUG;
				SWIFT_OPTIMIZATION_LEVEL = "-Onone";
			};
			name = Debug;
		};
		DC12B08E26B1CA0800F96F04 /* Release */ = {
			isa = XCBuildConfiguration;
			buildSettings = {
				ALWAYS_SEARCH_USER_PATHS = NO;
				CLANG_ANALYZER_NONNULL = YES;
				CLANG_ANALYZER_NUMBER_OBJECT_CONVERSION = YES_AGGRESSIVE;
				CLANG_CXX_LANGUAGE_STANDARD = "gnu++14";
				CLANG_CXX_LIBRARY = "libc++";
				CLANG_ENABLE_MODULES = YES;
				CLANG_ENABLE_OBJC_ARC = YES;
				CLANG_ENABLE_OBJC_WEAK = YES;
				CLANG_WARN_BLOCK_CAPTURE_AUTORELEASING = YES;
				CLANG_WARN_BOOL_CONVERSION = YES;
				CLANG_WARN_COMMA = YES;
				CLANG_WARN_CONSTANT_CONVERSION = YES;
				CLANG_WARN_DEPRECATED_OBJC_IMPLEMENTATIONS = YES;
				CLANG_WARN_DIRECT_OBJC_ISA_USAGE = YES_ERROR;
				CLANG_WARN_DOCUMENTATION_COMMENTS = YES;
				CLANG_WARN_EMPTY_BODY = YES;
				CLANG_WARN_ENUM_CONVERSION = YES;
				CLANG_WARN_INFINITE_RECURSION = YES;
				CLANG_WARN_INT_CONVERSION = YES;
				CLANG_WARN_NON_LITERAL_NULL_CONVERSION = YES;
				CLANG_WARN_OBJC_IMPLICIT_RETAIN_SELF = YES;
				CLANG_WARN_OBJC_LITERAL_CONVERSION = YES;
				CLANG_WARN_OBJC_ROOT_CLASS = YES_ERROR;
				CLANG_WARN_QUOTED_INCLUDE_IN_FRAMEWORK_HEADER = YES;
				CLANG_WARN_RANGE_LOOP_ANALYSIS = YES;
				CLANG_WARN_STRICT_PROTOTYPES = YES;
				CLANG_WARN_SUSPICIOUS_MOVE = YES;
				CLANG_WARN_UNGUARDED_AVAILABILITY = YES_AGGRESSIVE;
				CLANG_WARN_UNREACHABLE_CODE = YES;
				CLANG_WARN__DUPLICATE_METHOD_MATCH = YES;
				COPY_PHASE_STRIP = NO;
				DEBUG_INFORMATION_FORMAT = "dwarf-with-dsym";
				ENABLE_NS_ASSERTIONS = NO;
				ENABLE_STRICT_OBJC_MSGSEND = YES;
				GCC_C_LANGUAGE_STANDARD = gnu11;
				GCC_NO_COMMON_BLOCKS = YES;
				GCC_WARN_64_TO_32_BIT_CONVERSION = YES;
				GCC_WARN_ABOUT_RETURN_TYPE = YES_ERROR;
				GCC_WARN_UNDECLARED_SELECTOR = YES;
				GCC_WARN_UNINITIALIZED_AUTOS = YES_AGGRESSIVE;
				GCC_WARN_UNUSED_FUNCTION = YES;
				GCC_WARN_UNUSED_VARIABLE = YES;
				IPHONEOS_DEPLOYMENT_TARGET = 14.5;
				MTL_ENABLE_DEBUG_INFO = NO;
				MTL_FAST_MATH = YES;
				SDKROOT = iphoneos;
				SWIFT_COMPILATION_MODE = wholemodule;
				SWIFT_OPTIMIZATION_LEVEL = "-O";
				VALIDATE_PRODUCT = YES;
			};
			name = Release;
		};
		DC12B09026B1CA0800F96F04 /* Debug */ = {
			isa = XCBuildConfiguration;
			buildSettings = {
				ASSETCATALOG_COMPILER_APPICON_NAME = AppIcon;
				ASSETCATALOG_COMPILER_GLOBAL_ACCENT_COLOR_NAME = AccentColor;
				CODE_SIGN_STYLE = Automatic;
				DEVELOPMENT_TEAM = E24U54RDT5;
				INFOPLIST_FILE = Weather/Info.plist;
				LD_RUNPATH_SEARCH_PATHS = (
					"$(inherited)",
					"@executable_path/Frameworks",
				);
				PRODUCT_BUNDLE_IDENTIFIER = com.uisameer.Weather;
				PRODUCT_NAME = "$(TARGET_NAME)";
				SWIFT_VERSION = 5.0;
				TARGETED_DEVICE_FAMILY = "1,2";
			};
			name = Debug;
		};
		DC12B09126B1CA0800F96F04 /* Release */ = {
			isa = XCBuildConfiguration;
			buildSettings = {
				ASSETCATALOG_COMPILER_APPICON_NAME = AppIcon;
				ASSETCATALOG_COMPILER_GLOBAL_ACCENT_COLOR_NAME = AccentColor;
				CODE_SIGN_STYLE = Automatic;
				DEVELOPMENT_TEAM = E24U54RDT5;
				INFOPLIST_FILE = Weather/Info.plist;
				LD_RUNPATH_SEARCH_PATHS = (
					"$(inherited)",
					"@executable_path/Frameworks",
				);
				PRODUCT_BUNDLE_IDENTIFIER = com.uisameer.Weather;
				PRODUCT_NAME = "$(TARGET_NAME)";
				SWIFT_VERSION = 5.0;
				TARGETED_DEVICE_FAMILY = "1,2";
			};
			name = Release;
		};
		DC12B09326B1CA0800F96F04 /* Debug */ = {
			isa = XCBuildConfiguration;
			buildSettings = {
				ALWAYS_EMBED_SWIFT_STANDARD_LIBRARIES = YES;
				BUNDLE_LOADER = "$(TEST_HOST)";
				CODE_SIGN_STYLE = Automatic;
				DEVELOPMENT_TEAM = E24U54RDT5;
				INFOPLIST_FILE = WeatherTests/Info.plist;
				IPHONEOS_DEPLOYMENT_TARGET = 14.5;
				LD_RUNPATH_SEARCH_PATHS = (
					"$(inherited)",
					"@executable_path/Frameworks",
					"@loader_path/Frameworks",
				);
				PRODUCT_BUNDLE_IDENTIFIER = com.uisameer.WeatherTests;
				PRODUCT_NAME = "$(TARGET_NAME)";
				SWIFT_VERSION = 5.0;
				TARGETED_DEVICE_FAMILY = "1,2";
				TEST_HOST = "$(BUILT_PRODUCTS_DIR)/Weather.app/Weather";
			};
			name = Debug;
		};
		DC12B09426B1CA0800F96F04 /* Release */ = {
			isa = XCBuildConfiguration;
			buildSettings = {
				ALWAYS_EMBED_SWIFT_STANDARD_LIBRARIES = YES;
				BUNDLE_LOADER = "$(TEST_HOST)";
				CODE_SIGN_STYLE = Automatic;
				DEVELOPMENT_TEAM = E24U54RDT5;
				INFOPLIST_FILE = WeatherTests/Info.plist;
				IPHONEOS_DEPLOYMENT_TARGET = 14.5;
				LD_RUNPATH_SEARCH_PATHS = (
					"$(inherited)",
					"@executable_path/Frameworks",
					"@loader_path/Frameworks",
				);
				PRODUCT_BUNDLE_IDENTIFIER = com.uisameer.WeatherTests;
				PRODUCT_NAME = "$(TARGET_NAME)";
				SWIFT_VERSION = 5.0;
				TARGETED_DEVICE_FAMILY = "1,2";
				TEST_HOST = "$(BUILT_PRODUCTS_DIR)/Weather.app/Weather";
			};
			name = Release;
		};
		DC12B09626B1CA0800F96F04 /* Debug */ = {
			isa = XCBuildConfiguration;
			buildSettings = {
				ALWAYS_EMBED_SWIFT_STANDARD_LIBRARIES = YES;
				CODE_SIGN_STYLE = Automatic;
				DEVELOPMENT_TEAM = E24U54RDT5;
				INFOPLIST_FILE = WeatherUITests/Info.plist;
				LD_RUNPATH_SEARCH_PATHS = (
					"$(inherited)",
					"@executable_path/Frameworks",
					"@loader_path/Frameworks",
				);
				PRODUCT_BUNDLE_IDENTIFIER = com.uisameer.WeatherUITests;
				PRODUCT_NAME = "$(TARGET_NAME)";
				SWIFT_VERSION = 5.0;
				TARGETED_DEVICE_FAMILY = "1,2";
				TEST_TARGET_NAME = Weather;
			};
			name = Debug;
		};
		DC12B09726B1CA0800F96F04 /* Release */ = {
			isa = XCBuildConfiguration;
			buildSettings = {
				ALWAYS_EMBED_SWIFT_STANDARD_LIBRARIES = YES;
				CODE_SIGN_STYLE = Automatic;
				DEVELOPMENT_TEAM = E24U54RDT5;
				INFOPLIST_FILE = WeatherUITests/Info.plist;
				LD_RUNPATH_SEARCH_PATHS = (
					"$(inherited)",
					"@executable_path/Frameworks",
					"@loader_path/Frameworks",
				);
				PRODUCT_BUNDLE_IDENTIFIER = com.uisameer.WeatherUITests;
				PRODUCT_NAME = "$(TARGET_NAME)";
				SWIFT_VERSION = 5.0;
				TARGETED_DEVICE_FAMILY = "1,2";
				TEST_TARGET_NAME = Weather;
			};
			name = Release;
		};
/* End XCBuildConfiguration section */

/* Begin XCConfigurationList section */
		DC12B06026B1CA0600F96F04 /* Build configuration list for PBXProject "Weather" */ = {
			isa = XCConfigurationList;
			buildConfigurations = (
				DC12B08D26B1CA0800F96F04 /* Debug */,
				DC12B08E26B1CA0800F96F04 /* Release */,
			);
			defaultConfigurationIsVisible = 0;
			defaultConfigurationName = Release;
		};
		DC12B08F26B1CA0800F96F04 /* Build configuration list for PBXNativeTarget "Weather" */ = {
			isa = XCConfigurationList;
			buildConfigurations = (
				DC12B09026B1CA0800F96F04 /* Debug */,
				DC12B09126B1CA0800F96F04 /* Release */,
			);
			defaultConfigurationIsVisible = 0;
			defaultConfigurationName = Release;
		};
		DC12B09226B1CA0800F96F04 /* Build configuration list for PBXNativeTarget "WeatherTests" */ = {
			isa = XCConfigurationList;
			buildConfigurations = (
				DC12B09326B1CA0800F96F04 /* Debug */,
				DC12B09426B1CA0800F96F04 /* Release */,
			);
			defaultConfigurationIsVisible = 0;
			defaultConfigurationName = Release;
		};
		DC12B09526B1CA0800F96F04 /* Build configuration list for PBXNativeTarget "WeatherUITests" */ = {
			isa = XCConfigurationList;
			buildConfigurations = (
				DC12B09626B1CA0800F96F04 /* Debug */,
				DC12B09726B1CA0800F96F04 /* Release */,
			);
			defaultConfigurationIsVisible = 0;
			defaultConfigurationName = Release;
		};
/* End XCConfigurationList section */

/* Begin XCVersionGroup section */
		DC62CDC126B481C700F7E124 /* Weather.xcdatamodeld */ = {
			isa = XCVersionGroup;
			children = (
				DC62CDC226B481C700F7E124 /* Weather.xcdatamodel */,
			);
			currentVersion = DC62CDC226B481C700F7E124 /* Weather.xcdatamodel */;
			path = Weather.xcdatamodeld;
			sourceTree = "<group>";
			versionGroupType = wrapper.xcdatamodel;
		};
/* End XCVersionGroup section */
	};
	rootObject = DC12B05D26B1CA0600F96F04 /* Project object */;
}
